
Microsoft Visual Studio Solution File, Format Version 12.00
# Visual Studio Version 17
VisualStudioVersion = 17.10.35004.147
MinimumVisualStudioVersion = 10.0.40219.1
Project("{9A19103F-16F7-4668-BE54-9A1E7A4F7556}") = "HowToSignalR.Chat.API", "HowToSignalR.Chat.API\HowToSignalR.Chat.API.csproj", "{3DE56B9A-169B-4326-93E7-2CD93415E004}"
EndProject
Global
	GlobalSection(SolutionConfigurationPlatforms) = preSolution
		Debug|Any CPU = Debug|Any CPU
		Release|Any CPU = Release|Any CPU
	EndGlobalSection
	GlobalSection(ProjectConfigurationPlatforms) = postSolution
		{3DE56B9A-169B-4326-93E7-2CD93415E004}.Debug|Any CPU.ActiveCfg = Debug|Any CPU
		{3DE56B9A-169B-4326-93E7-2CD93415E004}.Debug|Any CPU.Build.0 = Debug|Any CPU
		{3DE56B9A-169B-4326-93E7-2CD93415E004}.Release|Any CPU.ActiveCfg = Release|Any CPU
		{3DE56B9A-169B-4326-93E7-2CD93415E004}.Release|Any CPU.Build.0 = Release|Any CPU
	EndGlobalSection
	GlobalSection(SolutionProperties) = preSolution
		HideSolutionNode = FALSE
	EndGlobalSection
	GlobalSection(ExtensibilityGlobals) = postSolution
		SolutionGuid = {AB37FE7E-AD16-4BA8-AA61-85E1E9E78981}
	EndGlobalSection
EndGlobal
